
Microsoft Visual Studio Solution File, Format Version 12.00
# Visual Studio 15
VisualStudioVersion = 15.0.26730.16
MinimumVisualStudioVersion = 10.0.40219.1
Project("{9A19103F-16F7-4668-BE54-9A1E7A4F7556}") = "CqrsApi", "CqrsApi\CqrsApi.csproj", "{6B6B2964-B450-464C-BCE2-FFCC130F1FB8}"
EndProject
Project("{9A19103F-16F7-4668-BE54-9A1E7A4F7556}") = "CqrsApi.Domain", "CqrsApi.Domain\CqrsApi.Domain.csproj", "{F401B51C-F05D-4584-97B3-64401B41EA1E}"
EndProject
Project("{9A19103F-16F7-4668-BE54-9A1E7A4F7556}") = "CqrsApi.Domain.Infrastructure", "CqrsApi.Domain.Infrastructure\CqrsApi.Domain.Infrastructure.csproj", "{DA4735D8-663A-4E4D-B5CE-0AA5F642BC1B}"
EndProject
Project("{9A19103F-16F7-4668-BE54-9A1E7A4F7556}") = "CqrsApi.Migrations", "CqrsApi.Migrations\CqrsApi.Migrations.csproj", "{92D3B8CF-7C9E-4FC3-9AB7-1D90DE8BBE31}"
EndProject
Project("{9A19103F-16F7-4668-BE54-9A1E7A4F7556}") = "CqrsApi.DataAccess", "CqrsApi.DataAccess\CqrsApi.DataAccess.csproj", "{A3B6F9BB-A2FE-4CD5-829B-80413810A92D}"
EndProject
Project("{2150E333-8FDC-42A3-9474-1A3956D46DE8}") = "Tests", "Tests", "{436B41DD-2E4B-4C39-9D34-4C29CC71FBB1}"
EndProject
Project("{FAE04EC0-301F-11D3-BF4B-00C04F79EFBC}") = "CqrsApi.Tests", "Tests\CqrsApi.Tests\CqrsApi.Tests.csproj", "{3C152977-F7DA-46F9-B99A-6AE6C1DF247A}"
EndProject
Project("{FAE04EC0-301F-11D3-BF4B-00C04F79EFBC}") = "CqrsApi.Domain.Tests", "Tests\CqrsApi.Domain.Tests\CqrsApi.Domain.Tests.csproj", "{572D04C3-CCF8-45CC-87C9-80172AD524A3}"
EndProject
Global
	GlobalSection(SolutionConfigurationPlatforms) = preSolution
		Debug|Any CPU = Debug|Any CPU
		Release|Any CPU = Release|Any CPU
	EndGlobalSection
	GlobalSection(ProjectConfigurationPlatforms) = postSolution
		{6B6B2964-B450-464C-BCE2-FFCC130F1FB8}.Debug|Any CPU.ActiveCfg = Debug|Any CPU
		{6B6B2964-B450-464C-BCE2-FFCC130F1FB8}.Debug|Any CPU.Build.0 = Debug|Any CPU
		{6B6B2964-B450-464C-BCE2-FFCC130F1FB8}.Release|Any CPU.ActiveCfg = Release|Any CPU
		{6B6B2964-B450-464C-BCE2-FFCC130F1FB8}.Release|Any CPU.Build.0 = Release|Any CPU
		{F401B51C-F05D-4584-97B3-64401B41EA1E}.Debug|Any CPU.ActiveCfg = Debug|Any CPU
		{F401B51C-F05D-4584-97B3-64401B41EA1E}.Debug|Any CPU.Build.0 = Debug|Any CPU
		{F401B51C-F05D-4584-97B3-64401B41EA1E}.Release|Any CPU.ActiveCfg = Release|Any CPU
		{F401B51C-F05D-4584-97B3-64401B41EA1E}.Release|Any CPU.Build.0 = Release|Any CPU
		{DA4735D8-663A-4E4D-B5CE-0AA5F642BC1B}.Debug|Any CPU.ActiveCfg = Debug|Any CPU
		{DA4735D8-663A-4E4D-B5CE-0AA5F642BC1B}.Debug|Any CPU.Build.0 = Debug|Any CPU
		{DA4735D8-663A-4E4D-B5CE-0AA5F642BC1B}.Release|Any CPU.ActiveCfg = Release|Any CPU
		{DA4735D8-663A-4E4D-B5CE-0AA5F642BC1B}.Release|Any CPU.Build.0 = Release|Any CPU
		{92D3B8CF-7C9E-4FC3-9AB7-1D90DE8BBE31}.Debug|Any CPU.ActiveCfg = Debug|Any CPU
		{92D3B8CF-7C9E-4FC3-9AB7-1D90DE8BBE31}.Debug|Any CPU.Build.0 = Debug|Any CPU
		{92D3B8CF-7C9E-4FC3-9AB7-1D90DE8BBE31}.Release|Any CPU.ActiveCfg = Release|Any CPU
		{92D3B8CF-7C9E-4FC3-9AB7-1D90DE8BBE31}.Release|Any CPU.Build.0 = Release|Any CPU
		{A3B6F9BB-A2FE-4CD5-829B-80413810A92D}.Debug|Any CPU.ActiveCfg = Debug|Any CPU
		{A3B6F9BB-A2FE-4CD5-829B-80413810A92D}.Debug|Any CPU.Build.0 = Debug|Any CPU
		{A3B6F9BB-A2FE-4CD5-829B-80413810A92D}.Release|Any CPU.ActiveCfg = Release|Any CPU
		{A3B6F9BB-A2FE-4CD5-829B-80413810A92D}.Release|Any CPU.Build.0 = Release|Any CPU
		{3C152977-F7DA-46F9-B99A-6AE6C1DF247A}.Debug|Any CPU.ActiveCfg = Debug|Any CPU
		{3C152977-F7DA-46F9-B99A-6AE6C1DF247A}.Debug|Any CPU.Build.0 = Debug|Any CPU
		{3C152977-F7DA-46F9-B99A-6AE6C1DF247A}.Release|Any CPU.ActiveCfg = Release|Any CPU
		{3C152977-F7DA-46F9-B99A-6AE6C1DF247A}.Release|Any CPU.Build.0 = Release|Any CPU
		{572D04C3-CCF8-45CC-87C9-80172AD524A3}.Debug|Any CPU.ActiveCfg = Debug|Any CPU
		{572D04C3-CCF8-45CC-87C9-80172AD524A3}.Debug|Any CPU.Build.0 = Debug|Any CPU
		{572D04C3-CCF8-45CC-87C9-80172AD524A3}.Release|Any CPU.ActiveCfg = Release|Any CPU
		{572D04C3-CCF8-45CC-87C9-80172AD524A3}.Release|Any CPU.Build.0 = Release|Any CPU
	EndGlobalSection
	GlobalSection(SolutionProperties) = preSolution
		HideSolutionNode = FALSE
	EndGlobalSection
	GlobalSection(NestedProjects) = preSolution
		{3C152977-F7DA-46F9-B99A-6AE6C1DF247A} = {436B41DD-2E4B-4C39-9D34-4C29CC71FBB1}
		{572D04C3-CCF8-45CC-87C9-80172AD524A3} = {436B41DD-2E4B-4C39-9D34-4C29CC71FBB1}
	EndGlobalSection
	GlobalSection(ExtensibilityGlobals) = postSolution
		SolutionGuid = {56FF2D51-DAB5-4B89-818D-EF433FE02CE4}
	EndGlobalSection
EndGlobal
